
Microsoft Visual Studio Solution File, Format Version 12.00
# Visual Studio Version 17
VisualStudioVersion = 17.4.33205.214
MinimumVisualStudioVersion = 10.0.40219.1
Project("{FAE04EC0-301F-11D3-BF4B-00C04F79EFBC}") = "The3Shop", "The3Shop\The3Shop.csproj", "{767AACE9-1BDD-4DB3-A282-9EECF540E38D}"
EndProject
Global
	GlobalSection(SolutionConfigurationPlatforms) = preSolution
		Debug|Any CPU = Debug|Any CPU
		Release|Any CPU = Release|Any CPU
	EndGlobalSection
	GlobalSection(ProjectConfigurationPlatforms) = postSolution
		{767AACE9-1BDD-4DB3-A282-9EECF540E38D}.Debug|Any CPU.ActiveCfg = Debug|Any CPU
		{767AACE9-1BDD-4DB3-A282-9EECF540E38D}.Debug|Any CPU.Build.0 = Debug|Any CPU
		{767AACE9-1BDD-4DB3-A282-9EECF540E38D}.Release|Any CPU.ActiveCfg = Release|Any CPU
		{767AACE9-1BDD-4DB3-A282-9EECF540E38D}.Release|Any CPU.Build.0 = Release|Any CPU
	EndGlobalSection
	GlobalSection(SolutionProperties) = preSolution
		HideSolutionNode = FALSE
	EndGlobalSection
	GlobalSection(ExtensibilityGlobals) = postSolution
		SolutionGuid = {5C0A73ED-11EE-464F-97D0-773C7D4C3D35}
	EndGlobalSection
EndGlobal
